# THIS IS AN AUTOGENERATED FILE. DO NOT EDIT THIS FILE DIRECTLY.
# yarn lockfile v1


"@next/env@13.1.1":
  version "13.1.1"
  resolved "http://registry.npm.release.ctripcorp.com/@next/env/download/@next/env-13.1.1.tgz#6ff26488dc7674ef2bfdd1ca28fe43eed1113bea"
  integrity sha1-b/JkiNx2dO8r/dHKKP5D7tERO+o=

"@next/swc-android-arm-eabi@13.1.1":
  version "13.1.1"
  resolved "http://registry.npm.release.ctripcorp.com/@next/swc-android-arm-eabi/download/@next/swc-android-arm-eabi-13.1.1.tgz#b5c3cd1f79d5c7e6a3b3562785d4e5ac3555b9e1"
  integrity sha1-tcPNH3nVx+ajs1YnhdTlrDVVueE=

"@next/swc-android-arm64@13.1.1":
  version "13.1.1"
  resolved "http://registry.npm.release.ctripcorp.com/@next/swc-android-arm64/download/@next/swc-android-arm64-13.1.1.tgz#e2ca9ccbba9ef770cb19fbe96d1ac00fe4cb330d"
  integrity sha1-4sqcy7qe93DLGfvpbRrAD+TLMw0=

"@next/swc-darwin-arm64@13.1.1":
  version "13.1.1"
  resolved "http://registry.npm.release.ctripcorp.com/@next/swc-darwin-arm64/download/@next/swc-darwin-arm64-13.1.1.tgz#4af00877332231bbd5a3703435fdd0b011e74767"
  integrity sha1-SvAIdzMiMbvVo3A0Nf3QsBHnR2c=

"@next/swc-darwin-x64@13.1.1":
  version "13.1.1"
  resolved "http://registry.npm.release.ctripcorp.com/@next/swc-darwin-x64/download/@next/swc-darwin-x64-13.1.1.tgz#bf4cb09e7e6ec6d91e031118dde2dd17078bcbbc"
  integrity sha1-v0ywnn5uxtkeAxEY3eLdFweLy7w=

"@next/swc-freebsd-x64@13.1.1":
  version "13.1.1"
  resolved "http://registry.npm.release.ctripcorp.com/@next/swc-freebsd-x64/download/@next/swc-freebsd-x64-13.1.1.tgz#6933ea1264328e8523e28818f912cd53824382d4"
  integrity sha1-aTPqEmQyjoUj4ogY+RLNU4JDgtQ=

"@next/swc-linux-arm-gnueabihf@13.1.1":
  version "13.1.1"
  resolved "http://registry.npm.release.ctripcorp.com/@next/swc-linux-arm-gnueabihf/download/@next/swc-linux-arm-gnueabihf-13.1.1.tgz#b5896967aaba3873d809c3ad2e2039e89acde419"
  integrity sha1-tYlpZ6q6OHPYCcOtLiA56JrN5Bk=

"@next/swc-linux-arm64-gnu@13.1.1":
  version "13.1.1"
  resolved "http://registry.npm.release.ctripcorp.com/@next/swc-linux-arm64-gnu/download/@next/swc-linux-arm64-gnu-13.1.1.tgz#91b3e9ea8575b1ded421c0ea0739b7bccf228469"
  integrity sha1-kbPp6oV1sd7UIcDqBzm3vM8ihGk=

"@next/swc-linux-arm64-musl@13.1.1":
  version "13.1.1"
  resolved "http://registry.npm.release.ctripcorp.com/@next/swc-linux-arm64-musl/download/@next/swc-linux-arm64-musl-13.1.1.tgz#83149ea05d7d55f3664d608dbe004c0d125f9147"
  integrity sha1-gxSeoF19VfNmTWCNvgBMDRJfkUc=

"@next/swc-linux-x64-gnu@13.1.1":
  version "13.1.1"
  resolved "http://registry.npm.release.ctripcorp.com/@next/swc-linux-x64-gnu/download/@next/swc-linux-x64-gnu-13.1.1.tgz#d7d0777b56de0dd82b78055772e13e18594a15ca"
  integrity sha1-19B3e1beDdgreAVXcuE+GFlKFco=

"@next/swc-linux-x64-musl@13.1.1":
  version "13.1.1"
  resolved "http://registry.npm.release.ctripcorp.com/@next/swc-linux-x64-musl/download/@next/swc-linux-x64-musl-13.1.1.tgz#41655722b127133cd95ab5bc8ca1473e9ab6876f"
  integrity sha1-QWVXIrEnEzzZWrW8jKFHPpq2h28=

"@next/swc-win32-arm64-msvc@13.1.1":
  version "13.1.1"
  resolved "http://registry.npm.release.ctripcorp.com/@next/swc-win32-arm64-msvc/download/@next/swc-win32-arm64-msvc-13.1.1.tgz#f10da3dfc9b3c2bbd202f5d449a9b807af062292"
  integrity sha1-8Q2j38mzwrvSAvXUSam4B68GIpI=

"@next/swc-win32-ia32-msvc@13.1.1":
  version "13.1.1"
  resolved "http://registry.npm.release.ctripcorp.com/@next/swc-win32-ia32-msvc/download/@next/swc-win32-ia32-msvc-13.1.1.tgz#4c0102b9b18ece15c818056d07e3917ee9dade78"
  integrity sha1-TAECubGOzhXIGAVtB+ORfuna3ng=

"@next/swc-win32-x64-msvc@13.1.1":
  version "13.1.1"
  resolved "http://registry.npm.release.ctripcorp.com/@next/swc-win32-x64-msvc/download/@next/swc-win32-x64-msvc-13.1.1.tgz#c209a37da13be27b722f9c40c40ab4b094866244"
  integrity sha1-wgmjfaE74ntyL5xAxAq0sJSGYkQ=

"@swc/helpers@0.4.14":
  version "0.4.14"
  resolved "http://registry.npm.release.ctripcorp.com/@swc/helpers/download/@swc/helpers-0.4.14.tgz#1352ac6d95e3617ccb7c1498ff019654f1e12a74"
  integrity sha1-E1KsbZXjYXzLfBSY/wGWVPHhKnQ=
  dependencies:
    tslib "^2.4.0"

caniuse-lite@^1.0.30001406:
  version "1.0.30001480"
  resolved "http://registry.npm.release.ctripcorp.com/caniuse-lite/download/caniuse-lite-1.0.30001480.tgz#9bbd35ee44c2480a1e3a3b9f4496f5066817164a"
  integrity sha1-m7017kTCSAoeOjufRJb1BmgXFko=

client-only@0.0.1:
  version "0.0.1"
  resolved "http://registry.npm.release.ctripcorp.com/client-only/download/client-only-0.0.1.tgz#38bba5d403c41ab150bff64a95c85013cf73bca1"
  integrity sha1-OLul1APEGrFQv/ZKlchQE89zvKE=

"js-tokens@^3.0.0 || ^4.0.0":
  version "4.0.0"
  resolved "http://registry.npm.release.ctripcorp.com/js-tokens/download/js-tokens-4.0.0.tgz#19203fb59991df98e3a287050d4647cdeaf32499"
  integrity sha1-GSA/tZmR35jjoocFDUZHzerzJJk=

loose-envify@^1.1.0:
  version "1.4.0"
  resolved "http://registry.npm.release.ctripcorp.com/loose-envify/download/loose-envify-1.4.0.tgz#71ee51fa7be4caec1a63839f7e682d8132d30caf"
  integrity sha1-ce5R+nvkyuwaY4OffmgtgTLTDK8=
  dependencies:
    js-tokens "^3.0.0 || ^4.0.0"

nanoid@^3.3.4:
  version "3.3.6"
  resolved "http://registry.npm.release.ctripcorp.com/nanoid/download/nanoid-3.3.6.tgz#443380c856d6e9f9824267d960b4236ad583ea4c"
  integrity sha1-RDOAyFbW6fmCQmfZYLQjatWD6kw=

next@13.1.1:
  version "13.1.1"
  resolved "http://registry.npm.release.ctripcorp.com/next/download/next-13.1.1.tgz#42b825f650410649aff1017d203a088d77c80b5b"
  integrity sha1-Qrgl9lBBBkmv8QF9IDoIjXfIC1s=
  dependencies:
    "@next/env" "13.1.1"
    "@swc/helpers" "0.4.14"
    caniuse-lite "^1.0.30001406"
    postcss "8.4.14"
    styled-jsx "5.1.1"
  optionalDependencies:
    "@next/swc-android-arm-eabi" "13.1.1"
    "@next/swc-android-arm64" "13.1.1"
    "@next/swc-darwin-arm64" "13.1.1"
    "@next/swc-darwin-x64" "13.1.1"
    "@next/swc-freebsd-x64" "13.1.1"
    "@next/swc-linux-arm-gnueabihf" "13.1.1"
    "@next/swc-linux-arm64-gnu" "13.1.1"
    "@next/swc-linux-arm64-musl" "13.1.1"
    "@next/swc-linux-x64-gnu" "13.1.1"
    "@next/swc-linux-x64-musl" "13.1.1"
    "@next/swc-win32-arm64-msvc" "13.1.1"
    "@next/swc-win32-ia32-msvc" "13.1.1"
    "@next/swc-win32-x64-msvc" "13.1.1"

picocolors@^1.0.0:
  version "1.0.0"
  resolved "http://registry.npm.release.ctripcorp.com/picocolors/download/picocolors-1.0.0.tgz#cb5bdc74ff3f51892236eaf79d68bc44564ab81c"
  integrity sha1-y1vcdP8/UYkiNur3nWi8RFZKuBw=

postcss@8.4.14:
  version "8.4.14"
  resolved "http://registry.npm.release.ctripcorp.com/postcss/download/postcss-8.4.14.tgz#ee9274d5622b4858c1007a74d76e42e56fd21caf"
  integrity sha1-7pJ01WIrSFjBAHp0125C5W/SHK8=
  dependencies:
    nanoid "^3.3.4"
    picocolors "^1.0.0"
    source-map-js "^1.0.2"

react-dom@18.2.0:
  version "18.2.0"
  resolved "http://registry.npm.release.ctripcorp.com/react-dom/download/react-dom-18.2.0.tgz#22aaf38708db2674ed9ada224ca4aa708d821e3d"
  integrity sha1-IqrzhwjbJnTtmtoiTKSqcI2CHj0=
  dependencies:
    loose-envify "^1.1.0"
    scheduler "^0.23.0"

react@18.2.0:
  version "18.2.0"
  resolved "http://registry.npm.release.ctripcorp.com/react/download/react-18.2.0.tgz#555bd98592883255fa00de14f1151a917b5d77d5"
  integrity sha1-VVvZhZKIMlX6AN4U8RUakXtdd9U=
  dependencies:
    loose-envify "^1.1.0"

scheduler@^0.23.0:
  version "0.23.0"
  resolved "http://registry.npm.release.ctripcorp.com/scheduler/download/scheduler-0.23.0.tgz#ba8041afc3d30eb206a487b6b384002e4e61fdfe"
  integrity sha1-uoBBr8PTDrIGpIe2s4QALk5h/f4=
  dependencies:
    loose-envify "^1.1.0"

source-map-js@^1.0.2:
  version "1.0.2"
  resolved "http://registry.npm.release.ctripcorp.com/source-map-js/download/source-map-js-1.0.2.tgz#adbc361d9c62df380125e7f161f71c826f1e490c"
  integrity sha1-rbw2HZxi3zgBJefxYfccgm8eSQw=

styled-jsx@5.1.1:
  version "5.1.1"
  resolved "http://registry.npm.release.ctripcorp.com/styled-jsx/download/styled-jsx-5.1.1.tgz#839a1c3aaacc4e735fed0781b8619ea5d0009d1f"
  integrity sha1-g5ocOqrMTnNf7QeBuGGepdAAnR8=
  dependencies:
    client-only "0.0.1"

tslib@^2.4.0:
  version "2.5.0"
  resolved "http://registry.npm.release.ctripcorp.com/tslib/download/tslib-2.5.0.tgz#42bfed86f5787aeb41d031866c8f402429e0fddf"
  integrity sha1-Qr/thvV4eutB0DGGbI9AJCng/d8=
